// !$*UTF8*$!
{
	archiveVersion = 1;
	classes = {
	};
	objectVersion = 46;
	objects = {

/* Begin PBXBuildFile section */
		17C88A412499DB7C3659D296 /* Pods_ReadItUITests.framework in Frameworks */ = {isa = PBXBuildFile; fileRef = 9D8DF144BC36B4F1BAD92312 /* Pods_ReadItUITests.framework */; };
		684EA0C0173ABF6231A265D1 /* Pods_ReadIt.framework in Frameworks */ = {isa = PBXBuildFile; fileRef = C69A6070BF79841DF0E200F5 /* Pods_ReadIt.framework */; };
		694150EF50DB84DD97AF9768 /* Pods_ReadItTests.framework in Frameworks */ = {isa = PBXBuildFile; fileRef = 9C361C44E7EF9E0108BB4C00 /* Pods_ReadItTests.framework */; };
		81227F451E624FC400A2F2B1 /* ViewController.swift in Sources */ = {isa = PBXBuildFile; fileRef = 81227F441E624FC400A2F2B1 /* ViewController.swift */; };
		816878181E610C8200EB29D3 /* ios in Resources */ = {isa = PBXBuildFile; fileRef = 816878171E610C8200EB29D3 /* ios */; };
		8168781A1E610D2000EB29D3 /* steve_jobs.imageset in Resources */ = {isa = PBXBuildFile; fileRef = 816878191E610D2000EB29D3 /* steve_jobs.imageset */; };
		8168781C1E610D2E00EB29D3 /* bill_gates.imageset in Resources */ = {isa = PBXBuildFile; fileRef = 8168781B1E610D2E00EB29D3 /* bill_gates.imageset */; };
		8168781E1E610D4B00EB29D3 /* amazon_icon@2x.png in Resources */ = {isa = PBXBuildFile; fileRef = 8168781D1E610D4B00EB29D3 /* amazon_icon@2x.png */; };
		816878201E610DCD00EB29D3 /* Books.swift in Sources */ = {isa = PBXBuildFile; fileRef = 8168781F1E610DCD00EB29D3 /* Books.swift */; };
		816878221E610F6D00EB29D3 /* BookCell.swift in Sources */ = {isa = PBXBuildFile; fileRef = 816878211E610F6D00EB29D3 /* BookCell.swift */; };
		81C7E9251E61088600AF5432 /* AppDelegate.swift in Sources */ = {isa = PBXBuildFile; fileRef = 81C7E9241E61088600AF5432 /* AppDelegate.swift */; };
		81C7E92C1E61088600AF5432 /* Assets.xcassets in Resources */ = {isa = PBXBuildFile; fileRef = 81C7E92B1E61088600AF5432 /* Assets.xcassets */; };
		81C7E92F1E61088600AF5432 /* LaunchScreen.storyboard in Resources */ = {isa = PBXBuildFile; fileRef = 81C7E92D1E61088600AF5432 /* LaunchScreen.storyboard */; };
		81C7E93A1E61088600AF5432 /* ReadItTests.swift in Sources */ = {isa = PBXBuildFile; fileRef = 81C7E9391E61088600AF5432 /* ReadItTests.swift */; };
		81C7E9451E61088600AF5432 /* ReadItUITests.swift in Sources */ = {isa = PBXBuildFile; fileRef = 81C7E9441E61088600AF5432 /* ReadItUITests.swift */; };
/* End PBXBuildFile section */

/* Begin PBXContainerItemProxy section */
		81C7E9361E61088600AF5432 /* PBXContainerItemProxy */ = {
			isa = PBXContainerItemProxy;
			containerPortal = 81C7E9191E61088600AF5432 /* Project object */;
			proxyType = 1;
			remoteGlobalIDString = 81C7E9201E61088600AF5432;
			remoteInfo = ReadIt;
		};
		81C7E9411E61088600AF5432 /* PBXContainerItemProxy */ = {
			isa = PBXContainerItemProxy;
			containerPortal = 81C7E9191E61088600AF5432 /* Project object */;
			proxyType = 1;
			remoteGlobalIDString = 81C7E9201E61088600AF5432;
			remoteInfo = ReadIt;
		};
/* End PBXContainerItemProxy section */

/* Begin PBXFileReference section */
		21EFC4B5E94A34CB6BEF62CC /* Pods-ReadIt.release.xcconfig */ = {isa = PBXFileReference; includeInIndex = 1; lastKnownFileType = text.xcconfig; name = "Pods-ReadIt.release.xcconfig"; path = "Pods/Target Support Files/Pods-ReadIt/Pods-ReadIt.release.xcconfig"; sourceTree = "<group>"; };
		27D4E261D2E3A2DE74667565 /* Pods-ReadItTests.debug.xcconfig */ = {isa = PBXFileReference; includeInIndex = 1; lastKnownFileType = text.xcconfig; name = "Pods-ReadItTests.debug.xcconfig"; path = "Pods/Target Support Files/Pods-ReadItTests/Pods-ReadItTests.debug.xcconfig"; sourceTree = "<group>"; };
		570B134C7587D194A22C6BCB /* Pods-ReadItUITests.release.xcconfig */ = {isa = PBXFileReference; includeInIndex = 1; lastKnownFileType = text.xcconfig; name = "Pods-ReadItUITests.release.xcconfig"; path = "Pods/Target Support Files/Pods-ReadItUITests/Pods-ReadItUITests.release.xcconfig"; sourceTree = "<group>"; };
		79A51820BD13C250DAE33DDF /* Pods-ReadItUITests.debug.xcconfig */ = {isa = PBXFileReference; includeInIndex = 1; lastKnownFileType = text.xcconfig; name = "Pods-ReadItUITests.debug.xcconfig"; path = "Pods/Target Support Files/Pods-ReadItUITests/Pods-ReadItUITests.debug.xcconfig"; sourceTree = "<group>"; };
		81227F441E624FC400A2F2B1 /* ViewController.swift */ = {isa = PBXFileReference; fileEncoding = 4; lastKnownFileType = sourcecode.swift; path = ViewController.swift; sourceTree = "<group>"; };
		816878171E610C8200EB29D3 /* ios */ = {isa = PBXFileReference; lastKnownFileType = folder; path = ios; sourceTree = "<group>"; };
		816878191E610D2000EB29D3 /* steve_jobs.imageset */ = {isa = PBXFileReference; lastKnownFileType = folder; path = steve_jobs.imageset; sourceTree = "<group>"; };
		8168781B1E610D2E00EB29D3 /* bill_gates.imageset */ = {isa = PBXFileReference; lastKnownFileType = folder; path = bill_gates.imageset; sourceTree = "<group>"; };
		8168781D1E610D4B00EB29D3 /* amazon_icon@2x.png */ = {isa = PBXFileReference; lastKnownFileType = image.png; path = "amazon_icon@2x.png"; sourceTree = "<group>"; };
		8168781F1E610DCD00EB29D3 /* Books.swift */ = {isa = PBXFileReference; fileEncoding = 4; lastKnownFileType = sourcecode.swift; path = Books.swift; sourceTree = "<group>"; };
		816878211E610F6D00EB29D3 /* BookCell.swift */ = {isa = PBXFileReference; fileEncoding = 4; lastKnownFileType = sourcecode.swift; path = BookCell.swift; sourceTree = "<group>"; };
		81C7E9211E61088600AF5432 /* ReadIt.app */ = {isa = PBXFileReference; explicitFileType = wrapper.application; includeInIndex = 0; path = ReadIt.app; sourceTree = BUILT_PRODUCTS_DIR; };
		81C7E9241E61088600AF5432 /* AppDelegate.swift */ = {isa = PBXFileReference; lastKnownFileType = sourcecode.swift; path = AppDelegate.swift; sourceTree = "<group>"; };
		81C7E92B1E61088600AF5432 /* Assets.xcassets */ = {isa = PBXFileReference; lastKnownFileType = folder.assetcatalog; name = Assets.xcassets; path = ReadIt/Assets.xcassets; sourceTree = "<group>"; };
		81C7E92E1E61088600AF5432 /* Base */ = {isa = PBXFileReference; lastKnownFileType = file.storyboard; name = Base; path = Base.lproj/LaunchScreen.storyboard; sourceTree = "<group>"; };
		81C7E9301E61088600AF5432 /* Info.plist */ = {isa = PBXFileReference; lastKnownFileType = text.plist.xml; path = Info.plist; sourceTree = "<group>"; };
		81C7E9351E61088600AF5432 /* ReadItTests.xctest */ = {isa = PBXFileReference; explicitFileType = wrapper.cfbundle; includeInIndex = 0; path = ReadItTests.xctest; sourceTree = BUILT_PRODUCTS_DIR; };
		81C7E9391E61088600AF5432 /* ReadItTests.swift */ = {isa = PBXFileReference; lastKnownFileType = sourcecode.swift; path = ReadItTests.swift; sourceTree = "<group>"; };
		81C7E93B1E61088600AF5432 /* Info.plist */ = {isa = PBXFileReference; lastKnownFileType = text.plist.xml; path = Info.plist; sourceTree = "<group>"; };
		81C7E9401E61088600AF5432 /* ReadItUITests.xctest */ = {isa = PBXFileReference; explicitFileType = wrapper.cfbundle; includeInIndex = 0; path = ReadItUITests.xctest; sourceTree = BUILT_PRODUCTS_DIR; };
		81C7E9441E61088600AF5432 /* ReadItUITests.swift */ = {isa = PBXFileReference; lastKnownFileType = sourcecode.swift; path = ReadItUITests.swift; sourceTree = "<group>"; };
		81C7E9461E61088700AF5432 /* Info.plist */ = {isa = PBXFileReference; lastKnownFileType = text.plist.xml; path = Info.plist; sourceTree = "<group>"; };
		9C361C44E7EF9E0108BB4C00 /* Pods_ReadItTests.framework */ = {isa = PBXFileReference; explicitFileType = wrapper.framework; includeInIndex = 0; path = Pods_ReadItTests.framework; sourceTree = BUILT_PRODUCTS_DIR; };
		9D8DF144BC36B4F1BAD92312 /* Pods_ReadItUITests.framework */ = {isa = PBXFileReference; explicitFileType = wrapper.framework; includeInIndex = 0; path = Pods_ReadItUITests.framework; sourceTree = BUILT_PRODUCTS_DIR; };
		B51C53ED1594EFF0DCAEF176 /* Pods-ReadIt.debug.xcconfig */ = {isa = PBXFileReference; includeInIndex = 1; lastKnownFileType = text.xcconfig; name = "Pods-ReadIt.debug.xcconfig"; path = "Pods/Target Support Files/Pods-ReadIt/Pods-ReadIt.debug.xcconfig"; sourceTree = "<group>"; };
		C69A6070BF79841DF0E200F5 /* Pods_ReadIt.framework */ = {isa = PBXFileReference; explicitFileType = wrapper.framework; includeInIndex = 0; path = Pods_ReadIt.framework; sourceTree = BUILT_PRODUCTS_DIR; };
		DF67D2D42F2C5064492245F0 /* Pods-ReadItTests.release.xcconfig */ = {isa = PBXFileReference; includeInIndex = 1; lastKnownFileType = text.xcconfig; name = "Pods-ReadItTests.release.xcconfig"; path = "Pods/Target Support Files/Pods-ReadItTests/Pods-ReadItTests.release.xcconfig"; sourceTree = "<group>"; };
/* End PBXFileReference section */

/* Begin PBXFrameworksBuildPhase section */
		81C7E91E1E61088600AF5432 /* Frameworks */ = {
			isa = PBXFrameworksBuildPhase;
			buildActionMask = 2147483647;
			files = (
				684EA0C0173ABF6231A265D1 /* Pods_ReadIt.framework in Frameworks */,
			);
			runOnlyForDeploymentPostprocessing = 0;
		};
		81C7E9321E61088600AF5432 /* Frameworks */ = {
			isa = PBXFrameworksBuildPhase;
			buildActionMask = 2147483647;
			files = (
				694150EF50DB84DD97AF9768 /* Pods_ReadItTests.framework in Frameworks */,
			);
			runOnlyForDeploymentPostprocessing = 0;
		};
		81C7E93D1E61088600AF5432 /* Frameworks */ = {
			isa = PBXFrameworksBuildPhase;
			buildActionMask = 2147483647;
			files = (
				17C88A412499DB7C3659D296 /* Pods_ReadItUITests.framework in Frameworks */,
			);
			runOnlyForDeploymentPostprocessing = 0;
		};
/* End PBXFrameworksBuildPhase section */

/* Begin PBXGroup section */
		3C28511E7C8E708E1AA7ACBC /* Frameworks */ = {
			isa = PBXGroup;
			children = (
				C69A6070BF79841DF0E200F5 /* Pods_ReadIt.framework */,
				9C361C44E7EF9E0108BB4C00 /* Pods_ReadItTests.framework */,
				9D8DF144BC36B4F1BAD92312 /* Pods_ReadItUITests.framework */,
			);
			name = Frameworks;
			sourceTree = "<group>";
		};
		54F67FDBD420792B52B212AD /* Pods */ = {
			isa = PBXGroup;
			children = (
				B51C53ED1594EFF0DCAEF176 /* Pods-ReadIt.debug.xcconfig */,
				21EFC4B5E94A34CB6BEF62CC /* Pods-ReadIt.release.xcconfig */,
				27D4E261D2E3A2DE74667565 /* Pods-ReadItTests.debug.xcconfig */,
				DF67D2D42F2C5064492245F0 /* Pods-ReadItTests.release.xcconfig */,
				79A51820BD13C250DAE33DDF /* Pods-ReadItUITests.debug.xcconfig */,
				570B134C7587D194A22C6BCB /* Pods-ReadItUITests.release.xcconfig */,
			);
			name = Pods;
			sourceTree = "<group>";
		};
		816878141E610A7B00EB29D3 /* MODAL */ = {
			isa = PBXGroup;
			children = (
				8168781F1E610DCD00EB29D3 /* Books.swift */,
				816878211E610F6D00EB29D3 /* BookCell.swift */,
			);
			name = MODAL;
			sourceTree = "<group>";
		};
		816878151E610A8400EB29D3 /* CONTROLLERS */ = {
			isa = PBXGroup;
			children = (
				81227F441E624FC400A2F2B1 /* ViewController.swift */,
			);
			name = CONTROLLERS;
			sourceTree = "<group>";
		};
		816878161E610A9300EB29D3 /* VIEWS */ = {
			isa = PBXGroup;
			children = (
			);
			name = VIEWS;
			sourceTree = "<group>";
		};
		81C7E9181E61088600AF5432 = {
			isa = PBXGroup;
			children = (
				81C7E9231E61088600AF5432 /* ReadIt */,
				81C7E9381E61088600AF5432 /* ReadItTests */,
				81C7E9431E61088600AF5432 /* ReadItUITests */,
				81C7E9221E61088600AF5432 /* Products */,
				81C7E92B1E61088600AF5432 /* Assets.xcassets */,
				81C7E92D1E61088600AF5432 /* LaunchScreen.storyboard */,
				8168781D1E610D4B00EB29D3 /* amazon_icon@2x.png */,
				8168781B1E610D2E00EB29D3 /* bill_gates.imageset */,
				816878191E610D2000EB29D3 /* steve_jobs.imageset */,
				816878171E610C8200EB29D3 /* ios */,
				54F67FDBD420792B52B212AD /* Pods */,
				3C28511E7C8E708E1AA7ACBC /* Frameworks */,
			);
			sourceTree = "<group>";
		};
		81C7E9221E61088600AF5432 /* Products */ = {
			isa = PBXGroup;
			children = (
				81C7E9211E61088600AF5432 /* ReadIt.app */,
				81C7E9351E61088600AF5432 /* ReadItTests.xctest */,
				81C7E9401E61088600AF5432 /* ReadItUITests.xctest */,
			);
			name = Products;
			sourceTree = "<group>";
		};
		81C7E9231E61088600AF5432 /* ReadIt */ = {
			isa = PBXGroup;
			children = (
				81C7E9241E61088600AF5432 /* AppDelegate.swift */,
				816878161E610A9300EB29D3 /* VIEWS */,
				816878151E610A8400EB29D3 /* CONTROLLERS */,
				816878141E610A7B00EB29D3 /* MODAL */,
				81C7E9301E61088600AF5432 /* Info.plist */,
			);
			path = ReadIt;
			sourceTree = "<group>";
		};
		81C7E9381E61088600AF5432 /* ReadItTests */ = {
			isa = PBXGroup;
			children = (
				81C7E9391E61088600AF5432 /* ReadItTests.swift */,
				81C7E93B1E61088600AF5432 /* Info.plist */,
			);
			path = ReadItTests;
			sourceTree = "<group>";
		};
		81C7E9431E61088600AF5432 /* ReadItUITests */ = {
			isa = PBXGroup;
			children = (
				81C7E9441E61088600AF5432 /* ReadItUITests.swift */,
				81C7E9461E61088700AF5432 /* Info.plist */,
			);
			path = ReadItUITests;
			sourceTree = "<group>";
		};
/* End PBXGroup section */

/* Begin PBXNativeTarget section */
		81C7E9201E61088600AF5432 /* ReadIt */ = {
			isa = PBXNativeTarget;
			buildConfigurationList = 81C7E9491E61088700AF5432 /* Build configuration list for PBXNativeTarget "ReadIt" */;
			buildPhases = (
				D13B9FD5C7A75473BBF510C2 /* [CP] Check Pods Manifest.lock */,
				81C7E91D1E61088600AF5432 /* Sources */,
				81C7E91E1E61088600AF5432 /* Frameworks */,
				81C7E91F1E61088600AF5432 /* Resources */,
				E547CD28569A2E2E7209EB77 /* [CP] Embed Pods Frameworks */,
				83411BBF786F6F7B2BE0932A /* [CP] Copy Pods Resources */,
			);
			buildRules = (
			);
			dependencies = (
			);
			name = ReadIt;
			productName = ReadIt;
			productReference = 81C7E9211E61088600AF5432 /* ReadIt.app */;
			productType = "com.apple.product-type.application";
		};
		81C7E9341E61088600AF5432 /* ReadItTests */ = {
			isa = PBXNativeTarget;
			buildConfigurationList = 81C7E94C1E61088700AF5432 /* Build configuration list for PBXNativeTarget "ReadItTests" */;
			buildPhases = (
				1A62E4D4F70C7CEC77DCA300 /* [CP] Check Pods Manifest.lock */,
				81C7E9311E61088600AF5432 /* Sources */,
				81C7E9321E61088600AF5432 /* Frameworks */,
				81C7E9331E61088600AF5432 /* Resources */,
				7BEC7CD316DE98AACE736523 /* [CP] Embed Pods Frameworks */,
				6436DF3E2E5A349409F2B68B /* [CP] Copy Pods Resources */,
			);
			buildRules = (
			);
			dependencies = (
				81C7E9371E61088600AF5432 /* PBXTargetDependency */,
			);
			name = ReadItTests;
			productName = ReadItTests;
			productReference = 81C7E9351E61088600AF5432 /* ReadItTests.xctest */;
			productType = "com.apple.product-type.bundle.unit-test";
		};
		81C7E93F1E61088600AF5432 /* ReadItUITests */ = {
			isa = PBXNativeTarget;
			buildConfigurationList = 81C7E94F1E61088700AF5432 /* Build configuration list for PBXNativeTarget "ReadItUITests" */;
			buildPhases = (
				B08FE85C06693F74D7B3A457 /* [CP] Check Pods Manifest.lock */,
				81C7E93C1E61088600AF5432 /* Sources */,
				81C7E93D1E61088600AF5432 /* Frameworks */,
				81C7E93E1E61088600AF5432 /* Resources */,
				BD614F5E2D9036398B3D3AD7 /* [CP] Embed Pods Frameworks */,
				525AE2FB821E23943EAE44DB /* [CP] Copy Pods Resources */,
			);
			buildRules = (
			);
			dependencies = (
				81C7E9421E61088600AF5432 /* PBXTargetDependency */,
			);
			name = ReadItUITests;
			productName = ReadItUITests;
			productReference = 81C7E9401E61088600AF5432 /* ReadItUITests.xctest */;
			productType = "com.apple.product-type.bundle.ui-testing";
		};
/* End PBXNativeTarget section */

/* Begin PBXProject section */
		81C7E9191E61088600AF5432 /* Project object */ = {
			isa = PBXProject;
			attributes = {
				LastSwiftUpdateCheck = 0830;
				LastUpgradeCheck = 0830;
				ORGANIZATIONNAME = "Fenix Design";
				TargetAttributes = {
					81C7E9201E61088600AF5432 = {
						CreatedOnToolsVersion = 8.3;
						DevelopmentTeam = LK662Y5U4K;
						ProvisioningStyle = Automatic;
					};
					81C7E9341E61088600AF5432 = {
						CreatedOnToolsVersion = 8.3;
						DevelopmentTeam = LK662Y5U4K;
						ProvisioningStyle = Automatic;
						TestTargetID = 81C7E9201E61088600AF5432;
					};
					81C7E93F1E61088600AF5432 = {
						CreatedOnToolsVersion = 8.3;
						DevelopmentTeam = LK662Y5U4K;
						ProvisioningStyle = Automatic;
						TestTargetID = 81C7E9201E61088600AF5432;
					};
				};
			};
			buildConfigurationList = 81C7E91C1E61088600AF5432 /* Build configuration list for PBXProject "ReadIt" */;
			compatibilityVersion = "Xcode 3.2";
			developmentRegion = English;
			hasScannedForEncodings = 0;
			knownRegions = (
				en,
				Base,
			);
			mainGroup = 81C7E9181E61088600AF5432;
			productRefGroup = 81C7E9221E61088600AF5432 /* Products */;
			projectDirPath = "";
			projectRoot = "";
			targets = (
				81C7E9201E61088600AF5432 /* ReadIt */,
				81C7E9341E61088600AF5432 /* ReadItTests */,
				81C7E93F1E61088600AF5432 /* ReadItUITests */,
			);
		};
/* End PBXProject section */

/* Begin PBXResourcesBuildPhase section */
		81C7E91F1E61088600AF5432 /* Resources */ = {
			isa = PBXResourcesBuildPhase;
			buildActionMask = 2147483647;
			files = (
				8168781A1E610D2000EB29D3 /* steve_jobs.imageset in Resources */,
				816878181E610C8200EB29D3 /* ios in Resources */,
				8168781C1E610D2E00EB29D3 /* bill_gates.imageset in Resources */,
				8168781E1E610D4B00EB29D3 /* amazon_icon@2x.png in Resources */,
				81C7E92F1E61088600AF5432 /* LaunchScreen.storyboard in Resources */,
				81C7E92C1E61088600AF5432 /* Assets.xcassets in Resources */,
			);
			runOnlyForDeploymentPostprocessing = 0;
		};
		81C7E9331E61088600AF5432 /* Resources */ = {
			isa = PBXResourcesBuildPhase;
			buildActionMask = 2147483647;
			files = (
			);
			runOnlyForDeploymentPostprocessing = 0;
		};
		81C7E93E1E61088600AF5432 /* Resources */ = {
			isa = PBXResourcesBuildPhase;
			buildActionMask = 2147483647;
			files = (
			);
			runOnlyForDeploymentPostprocessing = 0;
		};
/* End PBXResourcesBuildPhase section */

/* Begin PBXShellScriptBuildPhase section */
		1A62E4D4F70C7CEC77DCA300 /* [CP] Check Pods Manifest.lock */ = {
			isa = PBXShellScriptBuildPhase;
			buildActionMask = 2147483647;
			files = (
			);
			inputPaths = (
			);
			name = "[CP] Check Pods Manifest.lock";
			outputPaths = (
			);
			runOnlyForDeploymentPostprocessing = 0;
			shellPath = /bin/sh;
			shellScript = "diff \"${PODS_ROOT}/../Podfile.lock\" \"${PODS_ROOT}/Manifest.lock\" > /dev/null\nif [ $? != 0 ] ; then\n    # print error to STDERR\n    echo \"error: The sandbox is not in sync with the Podfile.lock. Run 'pod install' or update your CocoaPods installation.\" >&2\n    exit 1\nfi\n";
			showEnvVarsInLog = 0;
		};
		525AE2FB821E23943EAE44DB /* [CP] Copy Pods Resources */ = {
			isa = PBXShellScriptBuildPhase;
			buildActionMask = 2147483647;
			files = (
			);
			inputPaths = (
			);
			name = "[CP] Copy Pods Resources";
			outputPaths = (
			);
			runOnlyForDeploymentPostprocessing = 0;
			shellPath = /bin/sh;
			shellScript = "\"${SRCROOT}/Pods/Target Support Files/Pods-ReadItUITests/Pods-ReadItUITests-resources.sh\"\n";
			showEnvVarsInLog = 0;
		};
		6436DF3E2E5A349409F2B68B /* [CP] Copy Pods Resources */ = {
			isa = PBXShellScriptBuildPhase;
			buildActionMask = 2147483647;
			files = (
			);
			inputPaths = (
			);
			name = "[CP] Copy Pods Resources";
			outputPaths = (
			);
			runOnlyForDeploymentPostprocessing = 0;
			shellPath = /bin/sh;
			shellScript = "\"${SRCROOT}/Pods/Target Support Files/Pods-ReadItTests/Pods-ReadItTests-resources.sh\"\n";
			showEnvVarsInLog = 0;
		};
		7BEC7CD316DE98AACE736523 /* [CP] Embed Pods Frameworks */ = {
			isa = PBXShellScriptBuildPhase;
			buildActionMask = 2147483647;
			files = (
			);
			inputPaths = (
			);
			name = "[CP] Embed Pods Frameworks";
			outputPaths = (
			);
			runOnlyForDeploymentPostprocessing = 0;
			shellPath = /bin/sh;
			shellScript = "\"${SRCROOT}/Pods/Target Support Files/Pods-ReadItTests/Pods-ReadItTests-frameworks.sh\"\n";
			showEnvVarsInLog = 0;
		};
		83411BBF786F6F7B2BE0932A /* [CP] Copy Pods Resources */ = {
			isa = PBXShellScriptBuildPhase;
			buildActionMask = 2147483647;
			files = (
			);
			inputPaths = (
			);
			name = "[CP] Copy Pods Resources";
			outputPaths = (
			);
			runOnlyForDeploymentPostprocessing = 0;
			shellPath = /bin/sh;
			shellScript = "\"${SRCROOT}/Pods/Target Support Files/Pods-ReadIt/Pods-ReadIt-resources.sh\"\n";
			showEnvVarsInLog = 0;
		};
		B08FE85C06693F74D7B3A457 /* [CP] Check Pods Manifest.lock */ = {
			isa = PBXShellScriptBuildPhase;
			buildActionMask = 2147483647;
			files = (
			);
			inputPaths = (
			);
			name = "[CP] Check Pods Manifest.lock";
			outputPaths = (
			);
			runOnlyForDeploymentPostprocessing = 0;
			shellPath = /bin/sh;
			shellScript = "diff \"${PODS_ROOT}/../Podfile.lock\" \"${PODS_ROOT}/Manifest.lock\" > /dev/null\nif [ $? != 0 ] ; then\n    # print error to STDERR\n    echo \"error: The sandbox is not in sync with the Podfile.lock. Run 'pod install' or update your CocoaPods installation.\" >&2\n    exit 1\nfi\n";
			showEnvVarsInLog = 0;
		};
		BD614F5E2D9036398B3D3AD7 /* [CP] Embed Pods Frameworks */ = {
			isa = PBXShellScriptBuildPhase;
			buildActionMask = 2147483647;
			files = (
			);
			inputPaths = (
			);
			name = "[CP] Embed Pods Frameworks";
			outputPaths = (
			);
			runOnlyForDeploymentPostprocessing = 0;
			shellPath = /bin/sh;
			shellScript = "\"${SRCROOT}/Pods/Target Support Files/Pods-ReadItUITests/Pods-ReadItUITests-frameworks.sh\"\n";
			showEnvVarsInLog = 0;
		};
		D13B9FD5C7A75473BBF510C2 /* [CP] Check Pods Manifest.lock */ = {
			isa = PBXShellScriptBuildPhase;
			buildActionMask = 2147483647;
			files = (
			);
			inputPaths = (
			);
			name = "[CP] Check Pods Manifest.lock";
			outputPaths = (
			);
			runOnlyForDeploymentPostprocessing = 0;
			shellPath = /bin/sh;
			shellScript = "diff \"${PODS_ROOT}/../Podfile.lock\" \"${PODS_ROOT}/Manifest.lock\" > /dev/null\nif [ $? != 0 ] ; then\n    # print error to STDERR\n    echo \"error: The sandbox is not in sync with the Podfile.lock. Run 'pod install' or update your CocoaPods installation.\" >&2\n    exit 1\nfi\n";
			showEnvVarsInLog = 0;
		};
		E547CD28569A2E2E7209EB77 /* [CP] Embed Pods Frameworks */ = {
			isa = PBXShellScriptBuildPhase;
			buildActionMask = 2147483647;
			files = (
			);
			inputPaths = (
			);
			name = "[CP] Embed Pods Frameworks";
			outputPaths = (
			);
			runOnlyForDeploymentPostprocessing = 0;
			shellPath = /bin/sh;
			shellScript = "\"${SRCROOT}/Pods/Target Support Files/Pods-ReadIt/Pods-ReadIt-frameworks.sh\"\n";
			showEnvVarsInLog = 0;
		};
/* End PBXShellScriptBuildPhase section */

/* Begin PBXSourcesBuildPhase section */
		81C7E91D1E61088600AF5432 /* Sources */ = {
			isa = PBXSourcesBuildPhase;
			buildActionMask = 2147483647;
			files = (
				816878221E610F6D00EB29D3 /* BookCell.swift in Sources */,
				816878201E610DCD00EB29D3 /* Books.swift in Sources */,
				81C7E9251E61088600AF5432 /* AppDelegate.swift in Sources */,
				81227F451E624FC400A2F2B1 /* ViewController.swift in Sources */,
			);
			runOnlyForDeploymentPostprocessing = 0;
		};
		81C7E9311E61088600AF5432 /* Sources */ = {
			isa = PBXSourcesBuildPhase;
			buildActionMask = 2147483647;
			files = (
				81C7E93A1E61088600AF5432 /* ReadItTests.swift in Sources */,
			);
			runOnlyForDeploymentPostprocessing = 0;
		};
		81C7E93C1E61088600AF5432 /* Sources */ = {
			isa = PBXSourcesBuildPhase;
			buildActionMask = 2147483647;
			files = (
				81C7E9451E61088600AF5432 /* ReadItUITests.swift in Sources */,
			);
			runOnlyForDeploymentPostprocessing = 0;
		};
/* End PBXSourcesBuildPhase section */

/* Begin PBXTargetDependency section */
		81C7E9371E61088600AF5432 /* PBXTargetDependency */ = {
			isa = PBXTargetDependency;
			target = 81C7E9201E61088600AF5432 /* ReadIt */;
			targetProxy = 81C7E9361E61088600AF5432 /* PBXContainerItemProxy */;
		};
		81C7E9421E61088600AF5432 /* PBXTargetDependency */ = {
			isa = PBXTargetDependency;
			target = 81C7E9201E61088600AF5432 /* ReadIt */;
			targetProxy = 81C7E9411E61088600AF5432 /* PBXContainerItemProxy */;
		};
/* End PBXTargetDependency section */

/* Begin PBXVariantGroup section */
		81C7E92D1E61088600AF5432 /* LaunchScreen.storyboard */ = {
			isa = PBXVariantGroup;
			children = (
				81C7E92E1E61088600AF5432 /* Base */,
			);
			name = LaunchScreen.storyboard;
			path = ReadIt;
			sourceTree = "<group>";
		};
/* End PBXVariantGroup section */

/* Begin XCBuildConfiguration section */
		81C7E9471E61088700AF5432 /* Debug */ = {
			isa = XCBuildConfiguration;
			buildSettings = {
				ALWAYS_SEARCH_USER_PATHS = NO;
				CLANG_ANALYZER_NONNULL = YES;
				CLANG_ANALYZER_NUMBER_OBJECT_CONVERSION = YES_AGGRESSIVE;
				CLANG_CXX_LANGUAGE_STANDARD = "gnu++0x";
				CLANG_CXX_LIBRARY = "libc++";
				CLANG_ENABLE_MODULES = YES;
				CLANG_ENABLE_OBJC_ARC = YES;
				CLANG_WARN_BOOL_CONVERSION = YES;
				CLANG_WARN_CONSTANT_CONVERSION = YES;
				CLANG_WARN_DIRECT_OBJC_ISA_USAGE = YES_ERROR;
				CLANG_WARN_DOCUMENTATION_COMMENTS = YES;
				CLANG_WARN_EMPTY_BODY = YES;
				CLANG_WARN_ENUM_CONVERSION = YES;
				CLANG_WARN_INFINITE_RECURSION = YES;
				CLANG_WARN_INT_CONVERSION = YES;
				CLANG_WARN_OBJC_ROOT_CLASS = YES_ERROR;
				CLANG_WARN_SUSPICIOUS_MOVE = YES;
				CLANG_WARN_UNREACHABLE_CODE = YES;
				CLANG_WARN__DUPLICATE_METHOD_MATCH = YES;
				"CODE_SIGN_IDENTITY[sdk=iphoneos*]" = "iPhone Developer";
				COPY_PHASE_STRIP = NO;
				DEBUG_INFORMATION_FORMAT = dwarf;
				ENABLE_STRICT_OBJC_MSGSEND = YES;
				ENABLE_TESTABILITY = YES;
				GCC_C_LANGUAGE_STANDARD = gnu99;
				GCC_DYNAMIC_NO_PIC = NO;
				GCC_NO_COMMON_BLOCKS = YES;
				GCC_OPTIMIZATION_LEVEL = 0;
				GCC_PREPROCESSOR_DEFINITIONS = (
					"DEBUG=1",
					"$(inherited)",
				);
				GCC_WARN_64_TO_32_BIT_CONVERSION = YES;
				GCC_WARN_ABOUT_RETURN_TYPE = YES_ERROR;
				GCC_WARN_UNDECLARED_SELECTOR = YES;
				GCC_WARN_UNINITIALIZED_AUTOS = YES_AGGRESSIVE;
				GCC_WARN_UNUSED_FUNCTION = YES;
				GCC_WARN_UNUSED_VARIABLE = YES;
				IPHONEOS_DEPLOYMENT_TARGET = 10.2;
				MTL_ENABLE_DEBUG_INFO = YES;
				ONLY_ACTIVE_ARCH = YES;
				SDKROOT = iphoneos;
				SWIFT_ACTIVE_COMPILATION_CONDITIONS = DEBUG;
				SWIFT_OPTIMIZATION_LEVEL = "-Onone";
				TARGETED_DEVICE_FAMILY = "1,2";
			};
			name = Debug;
		};
		81C7E9481E61088700AF5432 /* Release */ = {
			isa = XCBuildConfiguration;
			buildSettings = {
				ALWAYS_SEARCH_USER_PATHS = NO;
				CLANG_ANALYZER_NONNULL = YES;
				CLANG_ANALYZER_NUMBER_OBJECT_CONVERSION = YES_AGGRESSIVE;
				CLANG_CXX_LANGUAGE_STANDARD = "gnu++0x";
				CLANG_CXX_LIBRARY = "libc++";
				CLANG_ENABLE_MODULES = YES;
				CLANG_ENABLE_OBJC_ARC = YES;
				CLANG_WARN_BOOL_CONVERSION = YES;
				CLANG_WARN_CONSTANT_CONVERSION = YES;
				CLANG_WARN_DIRECT_OBJC_ISA_USAGE = YES_ERROR;
				CLANG_WARN_DOCUMENTATION_COMMENTS = YES;
				CLANG_WARN_EMPTY_BODY = YES;
				CLANG_WARN_ENUM_CONVERSION = YES;
				CLANG_WARN_INFINITE_RECURSION = YES;
				CLANG_WARN_INT_CONVERSION = YES;
				CLANG_WARN_OBJC_ROOT_CLASS = YES_ERROR;
				CLANG_WARN_SUSPICIOUS_MOVE = YES;
				CLANG_WARN_UNREACHABLE_CODE = YES;
				CLANG_WARN__DUPLICATE_METHOD_MATCH = YES;
				"CODE_SIGN_IDENTITY[sdk=iphoneos*]" = "iPhone Developer";
				COPY_PHASE_STRIP = NO;
				DEBUG_INFORMATION_FORMAT = "dwarf-with-dsym";
				ENABLE_NS_ASSERTIONS = NO;
				ENABLE_STRICT_OBJC_MSGSEND = YES;
				GCC_C_LANGUAGE_STANDARD = gnu99;
				GCC_NO_COMMON_BLOCKS = YES;
				GCC_WARN_64_TO_32_BIT_CONVERSION = YES;
				GCC_WARN_ABOUT_RETURN_TYPE = YES_ERROR;
				GCC_WARN_UNDECLARED_SELECTOR = YES;
				GCC_WARN_UNINITIALIZED_AUTOS = YES_AGGRESSIVE;
				GCC_WARN_UNUSED_FUNCTION = YES;
				GCC_WARN_UNUSED_VARIABLE = YES;
				IPHONEOS_DEPLOYMENT_TARGET = 10.2;
				MTL_ENABLE_DEBUG_INFO = NO;
				SDKROOT = iphoneos;
				SWIFT_OPTIMIZATION_LEVEL = "-Owholemodule";
				TARGETED_DEVICE_FAMILY = "1,2";
				VALIDATE_PRODUCT = YES;
			};
			name = Release;
		};
		81C7E94A1E61088700AF5432 /* Debug */ = {
			isa = XCBuildConfiguration;
			baseConfigurationReference = B51C53ED1594EFF0DCAEF176 /* Pods-ReadIt.debug.xcconfig */;
			buildSettings = {
				ASSETCATALOG_COMPILER_APPICON_NAME = AppIcon;
				DEVELOPMENT_TEAM = LK662Y5U4K;
				INFOPLIST_FILE = ReadIt/Info.plist;
				LD_RUNPATH_SEARCH_PATHS = "$(inherited) @executable_path/Frameworks";
				PRODUCT_BUNDLE_IDENTIFIER = com.FenixDesignz.ReadIt;
				PRODUCT_NAME = "$(TARGET_NAME)";
				SWIFT_VERSION = 3.0;
			};
			name = Debug;
		};
		81C7E94B1E61088700AF5432 /* Release */ = {
			isa = XCBuildConfiguration;
			baseConfigurationReference = 21EFC4B5E94A34CB6BEF62CC /* Pods-ReadIt.release.xcconfig */;
			buildSettings = {
				ASSETCATALOG_COMPILER_APPICON_NAME = AppIcon;
				DEVELOPMENT_TEAM = LK662Y5U4K;
				INFOPLIST_FILE = ReadIt/Info.plist;
				LD_RUNPATH_SEARCH_PATHS = "$(inherited) @executable_path/Frameworks";
				PRODUCT_BUNDLE_IDENTIFIER = com.FenixDesignz.ReadIt;
				PRODUCT_NAME = "$(TARGET_NAME)";
				SWIFT_VERSION = 3.0;
			};
			name = Release;
		};
		81C7E94D1E61088700AF5432 /* Debug */ = {
			isa = XCBuildConfiguration;
			baseConfigurationReference = 27D4E261D2E3A2DE74667565 /* Pods-ReadItTests.debug.xcconfig */;
			buildSettings = {
				ALWAYS_EMBED_SWIFT_STANDARD_LIBRARIES = YES;
				BUNDLE_LOADER = "$(TEST_HOST)";
				DEVELOPMENT_TEAM = LK662Y5U4K;
				INFOPLIST_FILE = ReadItTests/Info.plist;
				LD_RUNPATH_SEARCH_PATHS = "$(inherited) @executable_path/Frameworks @loader_path/Frameworks";
				PRODUCT_BUNDLE_IDENTIFIER = com.FenixDesignz.ReadItTests;
				PRODUCT_NAME = "$(TARGET_NAME)";
				SWIFT_VERSION = 3.0;
				TEST_HOST = "$(BUILT_PRODUCTS_DIR)/ReadIt.app/ReadIt";
			};
			name = Debug;
		};
		81C7E94E1E61088700AF5432 /* Release */ = {
			isa = XCBuildConfiguration;
			baseConfigurationReference = DF67D2D42F2C5064492245F0 /* Pods-ReadItTests.release.xcconfig */;
			buildSettings = {
				ALWAYS_EMBED_SWIFT_STANDARD_LIBRARIES = YES;
				BUNDLE_LOADER = "$(TEST_HOST)";
				DEVELOPMENT_TEAM = LK662Y5U4K;
				INFOPLIST_FILE = ReadItTests/Info.plist;
				LD_RUNPATH_SEARCH_PATHS = "$(inherited) @executable_path/Frameworks @loader_path/Frameworks";
				PRODUCT_BUNDLE_IDENTIFIER = com.FenixDesignz.ReadItTests;
				PRODUCT_NAME = "$(TARGET_NAME)";
				SWIFT_VERSION = 3.0;
				TEST_HOST = "$(BUILT_PRODUCTS_DIR)/ReadIt.app/ReadIt";
			};
			name = Release;
		};
		81C7E9501E61088700AF5432 /* Debug */ = {
			isa = XCBuildConfiguration;
			baseConfigurationReference = 79A51820BD13C250DAE33DDF /* Pods-ReadItUITests.debug.xcconfig */;
			buildSettings = {
				ALWAYS_EMBED_SWIFT_STANDARD_LIBRARIES = YES;
				DEVELOPMENT_TEAM = LK662Y5U4K;
				INFOPLIST_FILE = ReadItUITests/Info.plist;
				LD_RUNPATH_SEARCH_PATHS = "$(inherited) @executable_path/Frameworks @loader_path/Frameworks";
				PRODUCT_BUNDLE_IDENTIFIER = com.FenixDesignz.ReadItUITests;
				PRODUCT_NAME = "$(TARGET_NAME)";
				SWIFT_VERSION = 3.0;
				TEST_TARGET_NAME = ReadIt;
			};
			name = Debug;
		};
		81C7E9511E61088700AF5432 /* Release */ = {
			isa = XCBuildConfiguration;
			baseConfigurationReference = 570B134C7587D194A22C6BCB /* Pods-ReadItUITests.release.xcconfig */;
			buildSettings = {
				ALWAYS_EMBED_SWIFT_STANDARD_LIBRARIES = YES;
				DEVELOPMENT_TEAM = LK662Y5U4K;
				INFOPLIST_FILE = ReadItUITests/Info.plist;
				LD_RUNPATH_SEARCH_PATHS = "$(inherited) @executable_path/Frameworks @loader_path/Frameworks";
				PRODUCT_BUNDLE_IDENTIFIER = com.FenixDesignz.ReadItUITests;
				PRODUCT_NAME = "$(TARGET_NAME)";
				SWIFT_VERSION = 3.0;
				TEST_TARGET_NAME = ReadIt;
			};
			name = Release;
		};
/* End XCBuildConfiguration section */

/* Begin XCConfigurationList section */
		81C7E91C1E61088600AF5432 /* Build configuration list for PBXProject "ReadIt" */ = {
			isa = XCConfigurationList;
			buildConfigurations = (
				81C7E9471E61088700AF5432 /* Debug */,
				81C7E9481E61088700AF5432 /* Release */,
			);
			defaultConfigurationIsVisible = 0;
			defaultConfigurationName = Release;
		};
		81C7E9491E61088700AF5432 /* Build configuration list for PBXNativeTarget "ReadIt" */ = {
			isa = XCConfigurationList;
			buildConfigurations = (
				81C7E94A1E61088700AF5432 /* Debug */,
				81C7E94B1E61088700AF5432 /* Release */,
			);
			defaultConfigurationIsVisible = 0;
			defaultConfigurationName = Release;
		};
		81C7E94C1E61088700AF5432 /* Build configuration list for PBXNativeTarget "ReadItTests" */ = {
			isa = XCConfigurationList;
			buildConfigurations = (
				81C7E94D1E61088700AF5432 /* Debug */,
				81C7E94E1E61088700AF5432 /* Release */,
			);
			defaultConfigurationIsVisible = 0;
			defaultConfigurationName = Release;
		};
		81C7E94F1E61088700AF5432 /* Build configuration list for PBXNativeTarget "ReadItUITests" */ = {
			isa = XCConfigurationList;
			buildConfigurations = (
				81C7E9501E61088700AF5432 /* Debug */,
				81C7E9511E61088700AF5432 /* Release */,
			);
			defaultConfigurationIsVisible = 0;
			defaultConfigurationName = Release;
		};
/* End XCConfigurationList section */
	};
	rootObject = 81C7E9191E61088600AF5432 /* Project object */;
}
